
Microsoft Visual Studio Solution File, Format Version 12.00
# Visual Studio 15
VisualStudioVersion = 15.0.27130.2010
MinimumVisualStudioVersion = 10.0.40219.1
Project("{FAE04EC0-301F-11D3-BF4B-00C04F79EFBC}") = "LanguageFeatures", "LanguageFeatures\LanguageFeatures.csproj", "{49D0B2CF-7EAF-49CA-BCA9-F2A8AFEC7D90}"
EndProject
Global
	GlobalSection(SolutionConfigurationPlatforms) = preSolution
		Debug|Any CPU = Debug|Any CPU
		Release|Any CPU = Release|Any CPU
	EndGlobalSection
	GlobalSection(ProjectConfigurationPlatforms) = postSolution
		{49D0B2CF-7EAF-49CA-BCA9-F2A8AFEC7D90}.Debug|Any CPU.ActiveCfg = Debug|Any CPU
		{49D0B2CF-7EAF-49CA-BCA9-F2A8AFEC7D90}.Debug|Any CPU.Build.0 = Debug|Any CPU
		{49D0B2CF-7EAF-49CA-BCA9-F2A8AFEC7D90}.Release|Any CPU.ActiveCfg = Release|Any CPU
		{49D0B2CF-7EAF-49CA-BCA9-F2A8AFEC7D90}.Release|Any CPU.Build.0 = Release|Any CPU
	EndGlobalSection
	GlobalSection(SolutionProperties) = preSolution
		HideSolutionNode = FALSE
	EndGlobalSection
	GlobalSection(ExtensibilityGlobals) = postSolution
		SolutionGuid = {35CE2C56-CF17-47F1-9209-39E8905E2332}
	EndGlobalSection
EndGlobal
